
Microsoft Visual Studio Solution File, Format Version 12.00
# Visual Studio Version 17
VisualStudioVersion = 17.3.32929.385
MinimumVisualStudioVersion = 10.0.40219.1
Project("{FAE04EC0-301F-11D3-BF4B-00C04F79EFBC}") = "MvcProjeKampi", "MvcProjeKampi\MvcProjeKampi.csproj", "{D4D8AE65-FE8F-4E44-BF46-B668F8ECE346}"
EndProject
Project("{FAE04EC0-301F-11D3-BF4B-00C04F79EFBC}") = "EntityLayer", "EntityLayer\EntityLayer.csproj", "{5CC6416C-D8FC-4E63-ACB9-A76368265854}"
EndProject
Project("{FAE04EC0-301F-11D3-BF4B-00C04F79EFBC}") = "DataAccesLayer", "DataAccesLayer\DataAccesLayer.csproj", "{5F445B1E-24CA-4CB1-A0CE-A5427EE71BC7}"
EndProject
Project("{FAE04EC0-301F-11D3-BF4B-00C04F79EFBC}") = "BusinessLayer", "BusinessLayer\BusinessLayer.csproj", "{EA1B39F0-A800-47B0-824C-76578D72C40B}"
EndProject
Global
	GlobalSection(SolutionConfigurationPlatforms) = preSolution
		Debug|Any CPU = Debug|Any CPU
		Release|Any CPU = Release|Any CPU
	EndGlobalSection
	GlobalSection(ProjectConfigurationPlatforms) = postSolution
		{D4D8AE65-FE8F-4E44-BF46-B668F8ECE346}.Debug|Any CPU.ActiveCfg = Debug|Any CPU
		{D4D8AE65-FE8F-4E44-BF46-B668F8ECE346}.Debug|Any CPU.Build.0 = Debug|Any CPU
		{D4D8AE65-FE8F-4E44-BF46-B668F8ECE346}.Release|Any CPU.ActiveCfg = Release|Any CPU
		{D4D8AE65-FE8F-4E44-BF46-B668F8ECE346}.Release|Any CPU.Build.0 = Release|Any CPU
		{5CC6416C-D8FC-4E63-ACB9-A76368265854}.Debug|Any CPU.ActiveCfg = Debug|Any CPU
		{5CC6416C-D8FC-4E63-ACB9-A76368265854}.Debug|Any CPU.Build.0 = Debug|Any CPU
		{5CC6416C-D8FC-4E63-ACB9-A76368265854}.Release|Any CPU.ActiveCfg = Release|Any CPU
		{5CC6416C-D8FC-4E63-ACB9-A76368265854}.Release|Any CPU.Build.0 = Release|Any CPU
		{5F445B1E-24CA-4CB1-A0CE-A5427EE71BC7}.Debug|Any CPU.ActiveCfg = Debug|Any CPU
		{5F445B1E-24CA-4CB1-A0CE-A5427EE71BC7}.Debug|Any CPU.Build.0 = Debug|Any CPU
		{5F445B1E-24CA-4CB1-A0CE-A5427EE71BC7}.Release|Any CPU.ActiveCfg = Release|Any CPU
		{5F445B1E-24CA-4CB1-A0CE-A5427EE71BC7}.Release|Any CPU.Build.0 = Release|Any CPU
		{EA1B39F0-A800-47B0-824C-76578D72C40B}.Debug|Any CPU.ActiveCfg = Debug|Any CPU
		{EA1B39F0-A800-47B0-824C-76578D72C40B}.Debug|Any CPU.Build.0 = Debug|Any CPU
		{EA1B39F0-A800-47B0-824C-76578D72C40B}.Release|Any CPU.ActiveCfg = Release|Any CPU
		{EA1B39F0-A800-47B0-824C-76578D72C40B}.Release|Any CPU.Build.0 = Release|Any CPU
	EndGlobalSection
	GlobalSection(SolutionProperties) = preSolution
		HideSolutionNode = FALSE
	EndGlobalSection
	GlobalSection(ExtensibilityGlobals) = postSolution
		SolutionGuid = {FDCCC339-E1A6-45A2-A5F5-02120B861584}
	EndGlobalSection
EndGlobal
